// !$*UTF8*$!
{
	archiveVersion = 1;
	classes = {
	};
	objectVersion = 56;
	objects = {

/* Begin PBXBuildFile section */
		9E32F0B62B5C45A90056F448 /* main.swift in Sources */ = {isa = PBXBuildFile; fileRef = 9E32F0B52B5C45A90056F448 /* main.swift */; };
/* End PBXBuildFile section */

/* Begin PBXCopyFilesBuildPhase section */
		9E37FAA42AC6A2CF006B30E0 /* CopyFiles */ = {
			isa = PBXCopyFilesBuildPhase;
			buildActionMask = 2147483647;
			dstPath = /usr/share/man/man1/;
			dstSubfolderSpec = 0;
			files = (
			);
			runOnlyForDeploymentPostprocessing = 1;
		};
/* End PBXCopyFilesBuildPhase section */

/* Begin PBXFileReference section */
		9E32F0B52B5C45A90056F448 /* main.swift */ = {isa = PBXFileReference; lastKnownFileType = sourcecode.swift; path = main.swift; sourceTree = "<group>"; };
		9E37FAA62AC6A2CF006B30E0 /* swiftPS */ = {isa = PBXFileReference; explicitFileType = "compiled.mach-o.executable"; includeInIndex = 0; path = swiftPS; sourceTree = BUILT_PRODUCTS_DIR; };
		9E386B622B594005001692AD /* 1918.swift */ = {isa = PBXFileReference; fileEncoding = 4; lastKnownFileType = sourcecode.swift; path = 1918.swift; sourceTree = "<group>"; };
		9E386B632B594005001692AD /* 2143.swift */ = {isa = PBXFileReference; fileEncoding = 4; lastKnownFileType = sourcecode.swift; path = 2143.swift; sourceTree = "<group>"; };
		9E386B642B594005001692AD /* 1389.swift */ = {isa = PBXFileReference; fileEncoding = 4; lastKnownFileType = sourcecode.swift; path = 1389.swift; sourceTree = "<group>"; };
		9E386B652B594005001692AD /* 1806.swift */ = {isa = PBXFileReference; fileEncoding = 4; lastKnownFileType = sourcecode.swift; path = 1806.swift; sourceTree = "<group>"; };
		9E386B662B594005001692AD /* 1644.swift */ = {isa = PBXFileReference; fileEncoding = 4; lastKnownFileType = sourcecode.swift; path = 1644.swift; sourceTree = "<group>"; };
		9E386B672B594005001692AD /* 2342.swift */ = {isa = PBXFileReference; fileEncoding = 4; lastKnownFileType = sourcecode.swift; path = 2342.swift; sourceTree = "<group>"; };
		9E386B682B594005001692AD /* 2164.swift */ = {isa = PBXFileReference; fileEncoding = 4; lastKnownFileType = sourcecode.swift; path = 2164.swift; sourceTree = "<group>"; };
		9E386B692B594005001692AD /* 1932.swift */ = {isa = PBXFileReference; fileEncoding = 4; lastKnownFileType = sourcecode.swift; path = 1932.swift; sourceTree = "<group>"; };
		9E386B6A2B594005001692AD /* 10828.swift */ = {isa = PBXFileReference; fileEncoding = 4; lastKnownFileType = sourcecode.swift; path = 10828.swift; sourceTree = "<group>"; };
		9E386B6B2B594005001692AD /* 1005.swift */ = {isa = PBXFileReference; fileEncoding = 4; lastKnownFileType = sourcecode.swift; path = 1005.swift; sourceTree = "<group>"; };
		9E386B6C2B594005001692AD /* 1562.swift */ = {isa = PBXFileReference; fileEncoding = 4; lastKnownFileType = sourcecode.swift; path = 1562.swift; sourceTree = "<group>"; };
		9E386B6D2B594005001692AD /* 9012.swift */ = {isa = PBXFileReference; fileEncoding = 4; lastKnownFileType = sourcecode.swift; path = 9012.swift; sourceTree = "<group>"; };
		9E386B6E2B594005001692AD /* 1916.swift */ = {isa = PBXFileReference; fileEncoding = 4; lastKnownFileType = sourcecode.swift; path = 1916.swift; sourceTree = "<group>"; };
		9E386B6F2B594005001692AD /* 1202.swift */ = {isa = PBXFileReference; fileEncoding = 4; lastKnownFileType = sourcecode.swift; path = 1202.swift; sourceTree = "<group>"; };
		9E386B702B594005001692AD /* 2166.swift */ = {isa = PBXFileReference; fileEncoding = 4; lastKnownFileType = sourcecode.swift; path = 2166.swift; sourceTree = "<group>"; };
		9E386B712B594005001692AD /* 1766.swift */ = {isa = PBXFileReference; fileEncoding = 4; lastKnownFileType = sourcecode.swift; path = 1766.swift; sourceTree = "<group>"; };
		9E386B722B594005001692AD /* 7579.swift */ = {isa = PBXFileReference; fileEncoding = 4; lastKnownFileType = sourcecode.swift; path = 7579.swift; sourceTree = "<group>"; };
		9E386B732B594005001692AD /* 4386.swift */ = {isa = PBXFileReference; fileEncoding = 4; lastKnownFileType = sourcecode.swift; path = 4386.swift; sourceTree = "<group>"; };
		9E386B742B594005001692AD /* 1991.swift */ = {isa = PBXFileReference; fileEncoding = 4; lastKnownFileType = sourcecode.swift; path = 1991.swift; sourceTree = "<group>"; };
		9E386B752B594005001692AD /* 9465.swift */ = {isa = PBXFileReference; fileEncoding = 4; lastKnownFileType = sourcecode.swift; path = 9465.swift; sourceTree = "<group>"; };
		9E386B762B594005001692AD /* 1197.swift */ = {isa = PBXFileReference; fileEncoding = 4; lastKnownFileType = sourcecode.swift; path = 1197.swift; sourceTree = "<group>"; };
		9E386B772B594005001692AD /* 2473.swift */ = {isa = PBXFileReference; fileEncoding = 4; lastKnownFileType = sourcecode.swift; path = 2473.swift; sourceTree = "<group>"; };
		9E386B782B594005001692AD /* 1647.swift */ = {isa = PBXFileReference; fileEncoding = 4; lastKnownFileType = sourcecode.swift; path = 1647.swift; sourceTree = "<group>"; };
		9E386B792B594005001692AD /* 2467.swift */ = {isa = PBXFileReference; fileEncoding = 4; lastKnownFileType = sourcecode.swift; path = 2467.swift; sourceTree = "<group>"; };
		9E386B7A2B594005001692AD /* 2623.swift */ = {isa = PBXFileReference; fileEncoding = 4; lastKnownFileType = sourcecode.swift; path = 2623.swift; sourceTree = "<group>"; };
		9E386B7B2B594005001692AD /* 2252.swift */ = {isa = PBXFileReference; fileEncoding = 4; lastKnownFileType = sourcecode.swift; path = 2252.swift; sourceTree = "<group>"; };
		9E386B7C2B594005001692AD /* 1967.swift */ = {isa = PBXFileReference; fileEncoding = 4; lastKnownFileType = sourcecode.swift; path = 1967.swift; sourceTree = "<group>"; };
		9E386B7D2B594005001692AD /* 15654.swift */ = {isa = PBXFileReference; fileEncoding = 4; lastKnownFileType = sourcecode.swift; path = 15654.swift; sourceTree = "<group>"; };
		9E386B7E2B594005001692AD /* 2096.swift */ = {isa = PBXFileReference; fileEncoding = 4; lastKnownFileType = sourcecode.swift; path = 2096.swift; sourceTree = "<group>"; };
		9E386B7F2B594005001692AD /* 2798.swift */ = {isa = PBXFileReference; fileEncoding = 4; lastKnownFileType = sourcecode.swift; path = 2798.swift; sourceTree = "<group>"; };
		9E386B802B594005001692AD /* 2098.swift */ = {isa = PBXFileReference; fileEncoding = 4; lastKnownFileType = sourcecode.swift; path = 2098.swift; sourceTree = "<group>"; };
		9E386B812B594005001692AD /* 1865.swift */ = {isa = PBXFileReference; fileEncoding = 4; lastKnownFileType = sourcecode.swift; path = 1865.swift; sourceTree = "<group>"; };
		9E386B822B594005001692AD /* 1799.swift */ = {isa = PBXFileReference; fileEncoding = 4; lastKnownFileType = sourcecode.swift; path = 1799.swift; sourceTree = "<group>"; };
		9E386BA42B5AA6D2001692AD /* 1654.swift */ = {isa = PBXFileReference; lastKnownFileType = sourcecode.swift; path = 1654.swift; sourceTree = "<group>"; };
		9E386BA62B5AB878001692AD /* 1676.swift */ = {isa = PBXFileReference; lastKnownFileType = sourcecode.swift; path = 1676.swift; sourceTree = "<group>"; };
		9E386BA82B5ACE47001692AD /* 18111.swift */ = {isa = PBXFileReference; lastKnownFileType = sourcecode.swift; path = 18111.swift; sourceTree = "<group>"; };
		9EDB50102B5501C500CF0B42 /* 11866.swift */ = {isa = PBXFileReference; lastKnownFileType = sourcecode.swift; path = 11866.swift; sourceTree = "<group>"; };
/* End PBXFileReference section */

/* Begin PBXFrameworksBuildPhase section */
		9E37FAA32AC6A2CF006B30E0 /* Frameworks */ = {
			isa = PBXFrameworksBuildPhase;
			buildActionMask = 2147483647;
			files = (
			);
			runOnlyForDeploymentPostprocessing = 0;
		};
/* End PBXFrameworksBuildPhase section */

/* Begin PBXGroup section */
		9E37FA9D2AC6A2CF006B30E0 = {
			isa = PBXGroup;
			children = (
				9E386B612B593EF6001692AD /* Solved */,
				9E37FAA82AC6A2CF006B30E0 /* swiftPS */,
				9E37FAA72AC6A2CF006B30E0 /* Products */,
			);
			sourceTree = "<group>";
		};
		9E37FAA72AC6A2CF006B30E0 /* Products */ = {
			isa = PBXGroup;
			children = (
				9E37FAA62AC6A2CF006B30E0 /* swiftPS */,
			);
			name = Products;
			sourceTree = "<group>";
		};
		9E37FAA82AC6A2CF006B30E0 /* swiftPS */ = {
			isa = PBXGroup;
			children = (
				9E32F0B52B5C45A90056F448 /* main.swift */,
			);
			path = swiftPS;
			sourceTree = "<group>";
		};
		9E386B612B593EF6001692AD /* Solved */ = {
			isa = PBXGroup;
			children = (
				9E386BA82B5ACE47001692AD /* 18111.swift */,
				9E386BA62B5AB878001692AD /* 1676.swift */,
				9E386BA42B5AA6D2001692AD /* 1654.swift */,
				9EDB50102B5501C500CF0B42 /* 11866.swift */,
				9E386B6B2B594005001692AD /* 1005.swift */,
				9E386B762B594005001692AD /* 1197.swift */,
				9E386B6F2B594005001692AD /* 1202.swift */,
				9E386B642B594005001692AD /* 1389.swift */,
				9E386B6C2B594005001692AD /* 1562.swift */,
				9E386B662B594005001692AD /* 1644.swift */,
				9E386B782B594005001692AD /* 1647.swift */,
				9E386B712B594005001692AD /* 1766.swift */,
				9E386B822B594005001692AD /* 1799.swift */,
				9E386B652B594005001692AD /* 1806.swift */,
				9E386B812B594005001692AD /* 1865.swift */,
				9E386B6E2B594005001692AD /* 1916.swift */,
				9E386B622B594005001692AD /* 1918.swift */,
				9E386B692B594005001692AD /* 1932.swift */,
				9E386B7C2B594005001692AD /* 1967.swift */,
				9E386B742B594005001692AD /* 1991.swift */,
				9E386B7E2B594005001692AD /* 2096.swift */,
				9E386B802B594005001692AD /* 2098.swift */,
				9E386B632B594005001692AD /* 2143.swift */,
				9E386B682B594005001692AD /* 2164.swift */,
				9E386B702B594005001692AD /* 2166.swift */,
				9E386B7B2B594005001692AD /* 2252.swift */,
				9E386B672B594005001692AD /* 2342.swift */,
				9E386B792B594005001692AD /* 2467.swift */,
				9E386B772B594005001692AD /* 2473.swift */,
				9E386B7A2B594005001692AD /* 2623.swift */,
				9E386B7F2B594005001692AD /* 2798.swift */,
				9E386B732B594005001692AD /* 4386.swift */,
				9E386B722B594005001692AD /* 7579.swift */,
				9E386B6D2B594005001692AD /* 9012.swift */,
				9E386B752B594005001692AD /* 9465.swift */,
				9E386B6A2B594005001692AD /* 10828.swift */,
				9E386B7D2B594005001692AD /* 15654.swift */,
			);
			path = Solved;
			sourceTree = "<group>";
		};
/* End PBXGroup section */

/* Begin PBXNativeTarget section */
		9E37FAA52AC6A2CF006B30E0 /* swiftPS */ = {
			isa = PBXNativeTarget;
			buildConfigurationList = 9E37FAAD2AC6A2CF006B30E0 /* Build configuration list for PBXNativeTarget "swiftPS" */;
			buildPhases = (
				9E37FAA22AC6A2CF006B30E0 /* Sources */,
				9E37FAA32AC6A2CF006B30E0 /* Frameworks */,
				9E37FAA42AC6A2CF006B30E0 /* CopyFiles */,
			);
			buildRules = (
			);
			dependencies = (
			);
			name = swiftPS;
			packageProductDependencies = (
			);
			productName = swiftPS;
			productReference = 9E37FAA62AC6A2CF006B30E0 /* swiftPS */;
			productType = "com.apple.product-type.tool";
		};
/* End PBXNativeTarget section */

/* Begin PBXProject section */
		9E37FA9E2AC6A2CF006B30E0 /* Project object */ = {
			isa = PBXProject;
			attributes = {
				BuildIndependentTargetsInParallel = 1;
				LastSwiftUpdateCheck = 1500;
				LastUpgradeCheck = 1500;
				TargetAttributes = {
					9E37FAA52AC6A2CF006B30E0 = {
						CreatedOnToolsVersion = 15.0;
						LastSwiftMigration = 1520;
					};
				};
			};
			buildConfigurationList = 9E37FAA12AC6A2CF006B30E0 /* Build configuration list for PBXProject "swiftPS" */;
			compatibilityVersion = "Xcode 14.0";
			developmentRegion = en;
			hasScannedForEncodings = 0;
			knownRegions = (
				en,
				Base,
			);
			mainGroup = 9E37FA9D2AC6A2CF006B30E0;
			packageReferences = (
			);
			productRefGroup = 9E37FAA72AC6A2CF006B30E0 /* Products */;
			projectDirPath = "";
			projectRoot = "";
			targets = (
				9E37FAA52AC6A2CF006B30E0 /* swiftPS */,
			);
		};
/* End PBXProject section */

/* Begin PBXSourcesBuildPhase section */
		9E37FAA22AC6A2CF006B30E0 /* Sources */ = {
			isa = PBXSourcesBuildPhase;
			buildActionMask = 2147483647;
			files = (
				9E32F0B62B5C45A90056F448 /* main.swift in Sources */,
			);
			runOnlyForDeploymentPostprocessing = 0;
		};
/* End PBXSourcesBuildPhase section */

/* Begin XCBuildConfiguration section */
		9E37FAAB2AC6A2CF006B30E0 /* Debug */ = {
			isa = XCBuildConfiguration;
			buildSettings = {
				ALWAYS_SEARCH_USER_PATHS = NO;
				ASSETCATALOG_COMPILER_GENERATE_SWIFT_ASSET_SYMBOL_EXTENSIONS = YES;
				CLANG_ANALYZER_NONNULL = YES;
				CLANG_ANALYZER_NUMBER_OBJECT_CONVERSION = YES_AGGRESSIVE;
				CLANG_CXX_LANGUAGE_STANDARD = "gnu++20";
				CLANG_ENABLE_MODULES = YES;
				CLANG_ENABLE_OBJC_ARC = YES;
				CLANG_ENABLE_OBJC_WEAK = YES;
				CLANG_WARN_BLOCK_CAPTURE_AUTORELEASING = YES;
				CLANG_WARN_BOOL_CONVERSION = YES;
				CLANG_WARN_COMMA = YES;
				CLANG_WARN_CONSTANT_CONVERSION = YES;
				CLANG_WARN_DEPRECATED_OBJC_IMPLEMENTATIONS = YES;
				CLANG_WARN_DIRECT_OBJC_ISA_USAGE = YES_ERROR;
				CLANG_WARN_DOCUMENTATION_COMMENTS = YES;
				CLANG_WARN_EMPTY_BODY = YES;
				CLANG_WARN_ENUM_CONVERSION = YES;
				CLANG_WARN_INFINITE_RECURSION = YES;
				CLANG_WARN_INT_CONVERSION = YES;
				CLANG_WARN_NON_LITERAL_NULL_CONVERSION = YES;
				CLANG_WARN_OBJC_IMPLICIT_RETAIN_SELF = YES;
				CLANG_WARN_OBJC_LITERAL_CONVERSION = YES;
				CLANG_WARN_OBJC_ROOT_CLASS = YES_ERROR;
				CLANG_WARN_QUOTED_INCLUDE_IN_FRAMEWORK_HEADER = YES;
				CLANG_WARN_RANGE_LOOP_ANALYSIS = YES;
				CLANG_WARN_STRICT_PROTOTYPES = YES;
				CLANG_WARN_SUSPICIOUS_MOVE = YES;
				CLANG_WARN_UNGUARDED_AVAILABILITY = YES_AGGRESSIVE;
				CLANG_WARN_UNREACHABLE_CODE = YES;
				CLANG_WARN__DUPLICATE_METHOD_MATCH = YES;
				COPY_PHASE_STRIP = NO;
				DEBUG_INFORMATION_FORMAT = dwarf;
				ENABLE_STRICT_OBJC_MSGSEND = YES;
				ENABLE_TESTABILITY = YES;
				ENABLE_USER_SCRIPT_SANDBOXING = YES;
				GCC_C_LANGUAGE_STANDARD = gnu17;
				GCC_DYNAMIC_NO_PIC = NO;
				GCC_NO_COMMON_BLOCKS = YES;
				GCC_OPTIMIZATION_LEVEL = 0;
				GCC_PREPROCESSOR_DEFINITIONS = (
					"DEBUG=1",
					"$(inherited)",
				);
				GCC_WARN_64_TO_32_BIT_CONVERSION = YES;
				GCC_WARN_ABOUT_RETURN_TYPE = YES_ERROR;
				GCC_WARN_UNDECLARED_SELECTOR = YES;
				GCC_WARN_UNINITIALIZED_AUTOS = YES_AGGRESSIVE;
				GCC_WARN_UNUSED_FUNCTION = YES;
				GCC_WARN_UNUSED_VARIABLE = YES;
				LOCALIZATION_PREFERS_STRING_CATALOGS = YES;
				MACOSX_DEPLOYMENT_TARGET = 13.5;
				MTL_ENABLE_DEBUG_INFO = INCLUDE_SOURCE;
				MTL_FAST_MATH = YES;
				ONLY_ACTIVE_ARCH = YES;
				SDKROOT = macosx;
				SWIFT_ACTIVE_COMPILATION_CONDITIONS = "DEBUG $(inherited)";
				SWIFT_OPTIMIZATION_LEVEL = "-Onone";
			};
			name = Debug;
		};
		9E37FAAC2AC6A2CF006B30E0 /* Release */ = {
			isa = XCBuildConfiguration;
			buildSettings = {
				ALWAYS_SEARCH_USER_PATHS = NO;
				ASSETCATALOG_COMPILER_GENERATE_SWIFT_ASSET_SYMBOL_EXTENSIONS = YES;
				CLANG_ANALYZER_NONNULL = YES;
				CLANG_ANALYZER_NUMBER_OBJECT_CONVERSION = YES_AGGRESSIVE;
				CLANG_CXX_LANGUAGE_STANDARD = "gnu++20";
				CLANG_ENABLE_MODULES = YES;
				CLANG_ENABLE_OBJC_ARC = YES;
				CLANG_ENABLE_OBJC_WEAK = YES;
				CLANG_WARN_BLOCK_CAPTURE_AUTORELEASING = YES;
				CLANG_WARN_BOOL_CONVERSION = YES;
				CLANG_WARN_COMMA = YES;
				CLANG_WARN_CONSTANT_CONVERSION = YES;
				CLANG_WARN_DEPRECATED_OBJC_IMPLEMENTATIONS = YES;
				CLANG_WARN_DIRECT_OBJC_ISA_USAGE = YES_ERROR;
				CLANG_WARN_DOCUMENTATION_COMMENTS = YES;
				CLANG_WARN_EMPTY_BODY = YES;
				CLANG_WARN_ENUM_CONVERSION = YES;
				CLANG_WARN_INFINITE_RECURSION = YES;
				CLANG_WARN_INT_CONVERSION = YES;
				CLANG_WARN_NON_LITERAL_NULL_CONVERSION = YES;
				CLANG_WARN_OBJC_IMPLICIT_RETAIN_SELF = YES;
				CLANG_WARN_OBJC_LITERAL_CONVERSION = YES;
				CLANG_WARN_OBJC_ROOT_CLASS = YES_ERROR;
				CLANG_WARN_QUOTED_INCLUDE_IN_FRAMEWORK_HEADER = YES;
				CLANG_WARN_RANGE_LOOP_ANALYSIS = YES;
				CLANG_WARN_STRICT_PROTOTYPES = YES;
				CLANG_WARN_SUSPICIOUS_MOVE = YES;
				CLANG_WARN_UNGUARDED_AVAILABILITY = YES_AGGRESSIVE;
				CLANG_WARN_UNREACHABLE_CODE = YES;
				CLANG_WARN__DUPLICATE_METHOD_MATCH = YES;
				COPY_PHASE_STRIP = NO;
				DEBUG_INFORMATION_FORMAT = "dwarf-with-dsym";
				ENABLE_NS_ASSERTIONS = NO;
				ENABLE_STRICT_OBJC_MSGSEND = YES;
				ENABLE_USER_SCRIPT_SANDBOXING = YES;
				GCC_C_LANGUAGE_STANDARD = gnu17;
				GCC_NO_COMMON_BLOCKS = YES;
				GCC_WARN_64_TO_32_BIT_CONVERSION = YES;
				GCC_WARN_ABOUT_RETURN_TYPE = YES_ERROR;
				GCC_WARN_UNDECLARED_SELECTOR = YES;
				GCC_WARN_UNINITIALIZED_AUTOS = YES_AGGRESSIVE;
				GCC_WARN_UNUSED_FUNCTION = YES;
				GCC_WARN_UNUSED_VARIABLE = YES;
				LOCALIZATION_PREFERS_STRING_CATALOGS = YES;
				MACOSX_DEPLOYMENT_TARGET = 13.5;
				MTL_ENABLE_DEBUG_INFO = NO;
				MTL_FAST_MATH = YES;
				SDKROOT = macosx;
				SWIFT_COMPILATION_MODE = wholemodule;
			};
			name = Release;
		};
		9E37FAAE2AC6A2CF006B30E0 /* Debug */ = {
			isa = XCBuildConfiguration;
			buildSettings = {
				CLANG_ENABLE_MODULES = YES;
				CODE_SIGN_STYLE = Automatic;
				PRODUCT_NAME = "$(TARGET_NAME)";
				SWIFT_OPTIMIZATION_LEVEL = "-Onone";
				SWIFT_VERSION = 5.0;
			};
			name = Debug;
		};
		9E37FAAF2AC6A2CF006B30E0 /* Release */ = {
			isa = XCBuildConfiguration;
			buildSettings = {
				CLANG_ENABLE_MODULES = YES;
				CODE_SIGN_STYLE = Automatic;
				PRODUCT_NAME = "$(TARGET_NAME)";
				SWIFT_VERSION = 5.0;
			};
			name = Release;
		};
/* End XCBuildConfiguration section */

/* Begin XCConfigurationList section */
		9E37FAA12AC6A2CF006B30E0 /* Build configuration list for PBXProject "swiftPS" */ = {
			isa = XCConfigurationList;
			buildConfigurations = (
				9E37FAAB2AC6A2CF006B30E0 /* Debug */,
				9E37FAAC2AC6A2CF006B30E0 /* Release */,
			);
			defaultConfigurationIsVisible = 0;
			defaultConfigurationName = Release;
		};
		9E37FAAD2AC6A2CF006B30E0 /* Build configuration list for PBXNativeTarget "swiftPS" */ = {
			isa = XCConfigurationList;
			buildConfigurations = (
				9E37FAAE2AC6A2CF006B30E0 /* Debug */,
				9E37FAAF2AC6A2CF006B30E0 /* Release */,
			);
			defaultConfigurationIsVisible = 0;
			defaultConfigurationName = Release;
		};
/* End XCConfigurationList section */
	};
	rootObject = 9E37FA9E2AC6A2CF006B30E0 /* Project object */;
}
